
Microsoft Visual Studio Solution File, Format Version 12.00
# Visual Studio 15
VisualStudioVersion = 15.0.28307.779
MinimumVisualStudioVersion = 10.0.40219.1
Project("{9A19103F-16F7-4668-BE54-9A1E7A4F7556}") = "Echo_Server", "Echo_Server_Client\Echo_Server.csproj", "{67C28F8B-2481-4C45-B758-5F86B9E35E99}"
EndProject
Project("{9A19103F-16F7-4668-BE54-9A1E7A4F7556}") = "Echo_Client", "Echo_Client\Echo_Client.csproj", "{6B385E1B-65B7-4D28-8100-52226B7BF3DC}"
EndProject
Project("{FAE04EC0-301F-11D3-BF4B-00C04F79EFBC}") = "MathServer", "MathServer\MathServer.csproj", "{DC45445A-7ABB-4D7F-9E24-296DE2CBEF1B}"
EndProject
Project("{FAE04EC0-301F-11D3-BF4B-00C04F79EFBC}") = "MathClient", "MathClient\MathClient.csproj", "{A5A273B1-DB48-4B84-803B-A001D9D8F79F}"
EndProject
Global
	GlobalSection(SolutionConfigurationPlatforms) = preSolution
		Debug|Any CPU = Debug|Any CPU
		Release|Any CPU = Release|Any CPU
	EndGlobalSection
	GlobalSection(ProjectConfigurationPlatforms) = postSolution
		{67C28F8B-2481-4C45-B758-5F86B9E35E99}.Debug|Any CPU.ActiveCfg = Debug|Any CPU
		{67C28F8B-2481-4C45-B758-5F86B9E35E99}.Debug|Any CPU.Build.0 = Debug|Any CPU
		{67C28F8B-2481-4C45-B758-5F86B9E35E99}.Release|Any CPU.ActiveCfg = Release|Any CPU
		{67C28F8B-2481-4C45-B758-5F86B9E35E99}.Release|Any CPU.Build.0 = Release|Any CPU
		{6B385E1B-65B7-4D28-8100-52226B7BF3DC}.Debug|Any CPU.ActiveCfg = Debug|Any CPU
		{6B385E1B-65B7-4D28-8100-52226B7BF3DC}.Debug|Any CPU.Build.0 = Debug|Any CPU
		{6B385E1B-65B7-4D28-8100-52226B7BF3DC}.Release|Any CPU.ActiveCfg = Release|Any CPU
		{6B385E1B-65B7-4D28-8100-52226B7BF3DC}.Release|Any CPU.Build.0 = Release|Any CPU
		{DC45445A-7ABB-4D7F-9E24-296DE2CBEF1B}.Debug|Any CPU.ActiveCfg = Debug|Any CPU
		{DC45445A-7ABB-4D7F-9E24-296DE2CBEF1B}.Debug|Any CPU.Build.0 = Debug|Any CPU
		{DC45445A-7ABB-4D7F-9E24-296DE2CBEF1B}.Release|Any CPU.ActiveCfg = Release|Any CPU
		{DC45445A-7ABB-4D7F-9E24-296DE2CBEF1B}.Release|Any CPU.Build.0 = Release|Any CPU
		{A5A273B1-DB48-4B84-803B-A001D9D8F79F}.Debug|Any CPU.ActiveCfg = Debug|Any CPU
		{A5A273B1-DB48-4B84-803B-A001D9D8F79F}.Debug|Any CPU.Build.0 = Debug|Any CPU
		{A5A273B1-DB48-4B84-803B-A001D9D8F79F}.Release|Any CPU.ActiveCfg = Release|Any CPU
		{A5A273B1-DB48-4B84-803B-A001D9D8F79F}.Release|Any CPU.Build.0 = Release|Any CPU
	EndGlobalSection
	GlobalSection(SolutionProperties) = preSolution
		HideSolutionNode = FALSE
	EndGlobalSection
	GlobalSection(ExtensibilityGlobals) = postSolution
		SolutionGuid = {DBAEDE1A-468F-4281-ABB8-4CC797C42C5A}
	EndGlobalSection
EndGlobal
